
Microsoft Visual Studio Solution File, Format Version 12.00
# Visual Studio 15
VisualStudioVersion = 15.0.26430.13
MinimumVisualStudioVersion = 10.0.40219.1
Project("{9092AA53-FB77-4645-B42D-1CCCA6BD08BD}") = "MongoTour", "MongoTour\MongoTour.njsproj", "{CD64803C-9EFC-4AF7-A296-5E12E1F48BF1}"
EndProject
Project("{2150E333-8FDC-42A3-9474-1A3956D46DE8}") = "Solution Items", "Solution Items", "{7D3CE898-841E-4065-852C-5B375D16B5A3}"
EndProject
Global
	GlobalSection(SolutionConfigurationPlatforms) = preSolution
		Debug|Any CPU = Debug|Any CPU
		Release|Any CPU = Release|Any CPU
	EndGlobalSection
	GlobalSection(ProjectConfigurationPlatforms) = postSolution
		{CD64803C-9EFC-4AF7-A296-5E12E1F48BF1}.Debug|Any CPU.ActiveCfg = Debug|Any CPU
		{CD64803C-9EFC-4AF7-A296-5E12E1F48BF1}.Debug|Any CPU.Build.0 = Debug|Any CPU
		{CD64803C-9EFC-4AF7-A296-5E12E1F48BF1}.Release|Any CPU.ActiveCfg = Release|Any CPU
		{CD64803C-9EFC-4AF7-A296-5E12E1F48BF1}.Release|Any CPU.Build.0 = Release|Any CPU
	EndGlobalSection
	GlobalSection(SolutionProperties) = preSolution
		HideSolutionNode = FALSE
	EndGlobalSection
EndGlobal
